
Microsoft Visual Studio Solution File, Format Version 12.00
Project("{FAE04EC0-301F-11D3-BF4B-00C04F79EFBC}") = "LethalOS.API", "LethalOS.API\LethalOS.API.csproj", "{805E01A9-0370-4D10-9325-DDE5B7718075}"
EndProject
Project("{FAE04EC0-301F-11D3-BF4B-00C04F79EFBC}") = "TerminalUtils", "TerminalUtils\TerminalUtils.csproj", "{C9B3299C-77EE-4D7B-82EE-F16C53B9B877}"
EndProject
Global
	GlobalSection(SolutionConfigurationPlatforms) = preSolution
		Debug|Any CPU = Debug|Any CPU
		Release|Any CPU = Release|Any CPU
	EndGlobalSection
	GlobalSection(ProjectConfigurationPlatforms) = postSolution
		{805E01A9-0370-4D10-9325-DDE5B7718075}.Debug|Any CPU.ActiveCfg = Debug|Any CPU
		{805E01A9-0370-4D10-9325-DDE5B7718075}.Debug|Any CPU.Build.0 = Debug|Any CPU
		{805E01A9-0370-4D10-9325-DDE5B7718075}.Release|Any CPU.ActiveCfg = Release|Any CPU
		{805E01A9-0370-4D10-9325-DDE5B7718075}.Release|Any CPU.Build.0 = Release|Any CPU
		{C9B3299C-77EE-4D7B-82EE-F16C53B9B877}.Debug|Any CPU.ActiveCfg = Debug|Any CPU
		{C9B3299C-77EE-4D7B-82EE-F16C53B9B877}.Debug|Any CPU.Build.0 = Debug|Any CPU
		{C9B3299C-77EE-4D7B-82EE-F16C53B9B877}.Release|Any CPU.ActiveCfg = Release|Any CPU
		{C9B3299C-77EE-4D7B-82EE-F16C53B9B877}.Release|Any CPU.Build.0 = Release|Any CPU
	EndGlobalSection
EndGlobal
